
Microsoft Visual Studio Solution File, Format Version 12.00
# Visual Studio 15
VisualStudioVersion = 15.0.27703.2042
MinimumVisualStudioVersion = 10.0.40219.1
Project("{9A19103F-16F7-4668-BE54-9A1E7A4F7556}") = "Fsa.DataSink", "src\Fsa.DataSink\Fsa.DataSink.csproj", "{54CB492C-1653-4B99-AC35-BB3DC0AF1DB7}"
EndProject
Project("{FAE04EC0-301F-11D3-BF4B-00C04F79EFBC}") = "Fsa.DataSink.Tests", "tests\Fsa.DataSink.Tests\Fsa.DataSink.Tests.csproj", "{78F41636-70E0-4781-9233-9F9EB8174A27}"
EndProject
Global
	GlobalSection(SolutionConfigurationPlatforms) = preSolution
		Debug|Any CPU = Debug|Any CPU
		Release|Any CPU = Release|Any CPU
	EndGlobalSection
	GlobalSection(ProjectConfigurationPlatforms) = postSolution
		{54CB492C-1653-4B99-AC35-BB3DC0AF1DB7}.Debug|Any CPU.ActiveCfg = Debug|Any CPU
		{54CB492C-1653-4B99-AC35-BB3DC0AF1DB7}.Debug|Any CPU.Build.0 = Debug|Any CPU
		{54CB492C-1653-4B99-AC35-BB3DC0AF1DB7}.Release|Any CPU.ActiveCfg = Release|Any CPU
		{54CB492C-1653-4B99-AC35-BB3DC0AF1DB7}.Release|Any CPU.Build.0 = Release|Any CPU
		{78F41636-70E0-4781-9233-9F9EB8174A27}.Debug|Any CPU.ActiveCfg = Debug|Any CPU
		{78F41636-70E0-4781-9233-9F9EB8174A27}.Debug|Any CPU.Build.0 = Debug|Any CPU
		{78F41636-70E0-4781-9233-9F9EB8174A27}.Release|Any CPU.ActiveCfg = Release|Any CPU
		{78F41636-70E0-4781-9233-9F9EB8174A27}.Release|Any CPU.Build.0 = Release|Any CPU
	EndGlobalSection
	GlobalSection(SolutionProperties) = preSolution
		HideSolutionNode = FALSE
	EndGlobalSection
	GlobalSection(ExtensibilityGlobals) = postSolution
		SolutionGuid = {5741302D-5034-4442-891A-D56B9951D356}
	EndGlobalSection
EndGlobal
